
Microsoft Visual Studio Solution File, Format Version 12.00
# Visual Studio Version 17
VisualStudioVersion = 17.9.34728.123
MinimumVisualStudioVersion = 10.0.40219.1
Project("{FAE04EC0-301F-11D3-BF4B-00C04F79EFBC}") = "Eticaret.WebUI", "Eticaret.WebUI\Eticaret.WebUI.csproj", "{9C0C2CC5-A1DE-46EF-AB21-8396242F4342}"
EndProject
Project("{FAE04EC0-301F-11D3-BF4B-00C04F79EFBC}") = "Eticaret.Core", "Eticaret.Core\Eticaret.Core.csproj", "{ECD639EA-765A-4711-83D9-079435DA7FCB}"
EndProject
Project("{FAE04EC0-301F-11D3-BF4B-00C04F79EFBC}") = "Eticaret.Data", "Eticaret.Data\Eticaret.Data.csproj", "{901B8896-BBA5-4642-8EFF-EB8B2346DB3B}"
EndProject
Project("{FAE04EC0-301F-11D3-BF4B-00C04F79EFBC}") = "Eticaret.Service", "Eticaret.Service\Eticaret.Service.csproj", "{E5895A2C-AA5A-44F9-B693-F997FE05754B}"
EndProject
Global
	GlobalSection(SolutionConfigurationPlatforms) = preSolution
		Debug|Any CPU = Debug|Any CPU
		Release|Any CPU = Release|Any CPU
	EndGlobalSection
	GlobalSection(ProjectConfigurationPlatforms) = postSolution
		{9C0C2CC5-A1DE-46EF-AB21-8396242F4342}.Debug|Any CPU.ActiveCfg = Debug|Any CPU
		{9C0C2CC5-A1DE-46EF-AB21-8396242F4342}.Debug|Any CPU.Build.0 = Debug|Any CPU
		{9C0C2CC5-A1DE-46EF-AB21-8396242F4342}.Release|Any CPU.ActiveCfg = Release|Any CPU
		{9C0C2CC5-A1DE-46EF-AB21-8396242F4342}.Release|Any CPU.Build.0 = Release|Any CPU
		{ECD639EA-765A-4711-83D9-079435DA7FCB}.Debug|Any CPU.ActiveCfg = Debug|Any CPU
		{ECD639EA-765A-4711-83D9-079435DA7FCB}.Debug|Any CPU.Build.0 = Debug|Any CPU
		{ECD639EA-765A-4711-83D9-079435DA7FCB}.Release|Any CPU.ActiveCfg = Release|Any CPU
		{ECD639EA-765A-4711-83D9-079435DA7FCB}.Release|Any CPU.Build.0 = Release|Any CPU
		{901B8896-BBA5-4642-8EFF-EB8B2346DB3B}.Debug|Any CPU.ActiveCfg = Debug|Any CPU
		{901B8896-BBA5-4642-8EFF-EB8B2346DB3B}.Debug|Any CPU.Build.0 = Debug|Any CPU
		{901B8896-BBA5-4642-8EFF-EB8B2346DB3B}.Release|Any CPU.ActiveCfg = Release|Any CPU
		{901B8896-BBA5-4642-8EFF-EB8B2346DB3B}.Release|Any CPU.Build.0 = Release|Any CPU
		{E5895A2C-AA5A-44F9-B693-F997FE05754B}.Debug|Any CPU.ActiveCfg = Debug|Any CPU
		{E5895A2C-AA5A-44F9-B693-F997FE05754B}.Debug|Any CPU.Build.0 = Debug|Any CPU
		{E5895A2C-AA5A-44F9-B693-F997FE05754B}.Release|Any CPU.ActiveCfg = Release|Any CPU
		{E5895A2C-AA5A-44F9-B693-F997FE05754B}.Release|Any CPU.Build.0 = Release|Any CPU
	EndGlobalSection
	GlobalSection(SolutionProperties) = preSolution
		HideSolutionNode = FALSE
	EndGlobalSection
	GlobalSection(ExtensibilityGlobals) = postSolution
		SolutionGuid = {253B346E-ED74-414F-9CA1-6206FCCD5163}
	EndGlobalSection
EndGlobal
